{
    "_readme": [
        "This file locks the dependencies of your project to a known state",
        "Read more about it at http://getcomposer.org/doc/01-basic-usage.md#composer-lock-the-lock-file"
    ],
    "hash": "d40fedac3174e3fbf09b8a1fcbb893c3",
    "packages": [
        {
            "name": "hasbridge/json-schema-validator",
            "version": "0.1.0",
            "source": {
                "type": "git",
                "url": "https://github.com/hasbridge/php-json-schema.git",
                "reference": "93aaf12c3fb772b547e5d03b9c41c64b7633875f"
            },
            "dist": {
                "type": "zip",
                "url": "https://api.github.com/repos/hasbridge/php-json-schema/zipball/93aaf12c3fb772b547e5d03b9c41c64b7633875f",
                "reference": "93aaf12c3fb772b547e5d03b9c41c64b7633875f",
                "shasum": ""
            },
            "require": {
                "php": ">=5.3.2"
            },
            "type": "library",
            "autoload": {
                "psr-0": {
                    "Json": "src/"
                }
            },
            "notification-url": "https://packagist.org/downloads/",
            "license": [
                "MIT"
            ],
            "authors": [
                {
                    "name": "Harold Asbridge",
                    "email": "hasbridge@gmail.com"
                }
            ],
            "description": "PHP 5.3 implementation of json schema validation",
            "keywords": [
                "json",
                "schema"
            ],
            "time": "2012-01-24 15:18:47"
        },
        {
            "name": "phpdocumentor/reflection-docblock",
            "version": "dev-master",
            "source": {
                "type": "git",
                "url": "https://github.com/phpDocumentor/ReflectionDocBlock.git",
                "reference": "c33820b04b7a9344564736fd2a9ac237b9c28b9a"
            },
            "dist": {
                "type": "zip",
                "url": "https://api.github.com/repos/phpDocumentor/ReflectionDocBlock/zipball/c33820b04b7a9344564736fd2a9ac237b9c28b9a",
                "reference": "c33820b04b7a9344564736fd2a9ac237b9c28b9a",
                "shasum": ""
            },
            "require": {
                "php": ">=5.3.3"
            },
            "require-dev": {
                "phpunit/phpunit": "3.7.*@stable"
            },
            "suggest": {
                "dflydev/markdown": "1.0.*"
            },
            "type": "library",
            "extra": {
                "branch-alias": {
                    "dev-master": "2.0.x-dev"
                }
            },
            "autoload": {
                "psr-0": {
                    "phpDocumentor": [
                        "src/"
                    ]
                }
            },
            "notification-url": "https://packagist.org/downloads/",
            "license": [
                "MIT"
            ],
            "authors": [
                {
                    "name": "Mike van Riel",
                    "email": "mike.vanriel@naenius.com"
                }
            ],
            "time": "2013-08-08 16:31:39"
        },
        {
            "name": "symfony/console",
            "version": "v2.3.6",
            "target-dir": "Symfony/Component/Console",
            "source": {
                "type": "git",
                "url": "https://github.com/symfony/Console.git",
                "reference": "f880062d56edefb25b36f2defa65aafe65959dc7"
            },
            "dist": {
                "type": "zip",
                "url": "https://api.github.com/repos/symfony/Console/zipball/f880062d56edefb25b36f2defa65aafe65959dc7",
                "reference": "f880062d56edefb25b36f2defa65aafe65959dc7",
                "shasum": ""
            },
            "require": {
                "php": ">=5.3.3"
            },
            "require-dev": {
                "symfony/event-dispatcher": "~2.1"
            },
            "suggest": {
                "symfony/event-dispatcher": ""
            },
            "type": "library",
            "extra": {
                "branch-alias": {
                    "dev-master": "2.3-dev"
                }
            },
            "autoload": {
                "psr-0": {
                    "Symfony\\Component\\Console\\": ""
                }
            },
            "notification-url": "https://packagist.org/downloads/",
            "license": [
                "MIT"
            ],
            "authors": [
                {
                    "name": "Fabien Potencier",
                    "email": "fabien@symfony.com"
                },
                {
                    "name": "Symfony Community",
                    "homepage": "http://symfony.com/contributors"
                }
            ],
            "description": "Symfony Console Component",
            "homepage": "http://symfony.com",
            "time": "2013-09-25 06:04:15"
        }
    ],
    "packages-dev": [

    ],
    "aliases": [

    ],
    "minimum-stability": "stable",
    "stability-flags": {
        "phpdocumentor/reflection-docblock": 20
    },
    "platform": [

    ],
    "platform-dev": [

    ]
}
